<?xml version="1.0" encoding="utf-8"?>
<Project ToolsVersion="4.0" xmlns="http://schemas.microsoft.com/developer/msbuild/2003">
  <ItemGroup>
    <Filter Include="Source Files">
      <UniqueIdentifier>{4FC737F1-C7A5-4376-A066-2A32D752A2FF}</UniqueIdentifier>
      <Extensions>cpp;c;cc;cxx;def;odl;idl;hpj;bat;asm;asmx</Extensions>
    </Filter>
    <Filter Include="Header Files">
      <UniqueIdentifier>{93995380-89BD-4b04-88EB-625FBE52EBFB}</UniqueIdentifier>
      <Extensions>h;hh;hpp;hxx;hm;inl;inc;xsd</Extensions>
    </Filter>
    <Filter Include="Resource Files">
      <UniqueIdentifier>{67DA6AB6-F800-4c08-8B7A-83BB121AAD01}</UniqueIdentifier>
      <Extensions>rc;ico;cur;bmp;dlg;rc2;rct;bin;rgs;gif;jpg;jpeg;jpe;resx;tiff;tif;png;wav;mfcribbon-ms</Extensions>
    </Filter>
    <Filter Include="Source Files\Modules">
      <UniqueIdentifier>{ec903b14-d370-4e94-ad49-c8f2264f6631}</UniqueIdentifier>
    </Filter>
    <Filter Include="Source Files\inih">
      <UniqueIdentifier>{0097b85c-01fe-4973-9a69-78831b3e0a91}</UniqueIdentifier>
    </Filter>
    <Filter Include="Source Files\inih\cpp">
      <UniqueIdentifier>{0f3ad8fa-078a-49d0-9e16-b6afee90dd05}</UniqueIdentifier>
    </Filter>
    <Filter Include="Source Files\Util">
      <UniqueIdentifier>{dcc7251d-c86f-4121-9fac-e5751458890a}</UniqueIdentifier>
    </Filter>
    <Filter Include="Source Files\imgui">
      <UniqueIdentifier>{1044be13-acf9-41d1-86ff-03e7e6948376}</UniqueIdentifier>
    </Filter>
  </ItemGroup>
  <ItemGroup>
    <ClCompile Include="DllMain.cpp">
      <Filter>Source Files</Filter>
    </ClCompile>
    <ClCompile Include="Main.cpp">
      <Filter>Source Files</Filter>
    </ClCompile>
    <ClCompile Include="Modules\CameraManager.cpp">
      <Filter>Source Files\Modules</Filter>
    </ClCompile>
    <ClCompile Include="inih\ini.c">
      <Filter>Source Files\inih</Filter>
    </ClCompile>
    <ClCompile Include="inih\cpp\INIReader.cpp">
      <Filter>Source Files\inih\cpp</Filter>
    </ClCompile>
    <ClCompile Include="Util\Offsets.cpp">
      <Filter>Source Files\Util</Filter>
    </ClCompile>
    <ClCompile Include="Util\Util.cpp">
      <Filter>Source Files\Util</Filter>
    </ClCompile>
    <ClCompile Include="Util\Hooks.cpp">
      <Filter>Source Files\Util</Filter>
    </ClCompile>
    <ClCompile Include="Util\Log.cpp">
      <Filter>Source Files\Util</Filter>
    </ClCompile>
    <ClCompile Include="Config.cpp">
      <Filter>Source Files</Filter>
    </ClCompile>
    <ClCompile Include="UIManager.cpp">
      <Filter>Source Files</Filter>
    </ClCompile>
    <ClCompile Include="Util\ImGuiHelpers.cpp">
      <Filter>Source Files\Util</Filter>
    </ClCompile>
    <ClCompile Include="imgui\imgui_demo.cpp">
      <Filter>Source Files\imgui</Filter>
    </ClCompile>
    <ClCompile Include="imgui\imgui_draw.cpp">
      <Filter>Source Files\imgui</Filter>
    </ClCompile>
    <ClCompile Include="imgui\imgui_impl_dx11.cpp">
      <Filter>Source Files\imgui</Filter>
    </ClCompile>
    <ClCompile Include="imgui\imgui.cpp">
      <Filter>Source Files\imgui</Filter>
    </ClCompile>
    <ClCompile Include="Modules\InputManager.cpp">
      <Filter>Source Files\Modules</Filter>
    </ClCompile>
    <ClCompile Include="Modules\TrackManager.cpp">
      <Filter>Source Files\Modules</Filter>
    </ClCompile>
    <ClCompile Include="Modules\EnvironmentManager.cpp">
      <Filter>Source Files\Modules</Filter>
    </ClCompile>
  </ItemGroup>
  <ItemGroup>
    <ClInclude Include="Dunya.h">
      <Filter>Header Files</Filter>
    </ClInclude>
    <ClInclude Include="Main.h">
      <Filter>Header Files</Filter>
    </ClInclude>
    <ClInclude Include="Modules\CameraManager.h">
      <Filter>Source Files\Modules</Filter>
    </ClInclude>
    <ClInclude Include="Modules\InputManager.h">
      <Filter>Source Files\Modules</Filter>
    </ClInclude>
    <ClInclude Include="Config.h">
      <Filter>Header Files</Filter>
    </ClInclude>
    <ClInclude Include="inih\ini.h">
      <Filter>Source Files\inih</Filter>
    </ClInclude>
    <ClInclude Include="inih\cpp\INIReader.h">
      <Filter>Source Files\inih\cpp</Filter>
    </ClInclude>
    <ClInclude Include="Util\Util.h">
      <Filter>Source Files\Util</Filter>
    </ClInclude>
    <ClInclude Include="UIManager.h">
      <Filter>Header Files</Filter>
    </ClInclude>
    <ClInclude Include="Util\ImGuiHelpers.h">
      <Filter>Source Files\Util</Filter>
    </ClInclude>
    <ClInclude Include="imgui\imgui_impl_dx11.h">
      <Filter>Source Files\imgui</Filter>
    </ClInclude>
    <ClInclude Include="imgui\imgui_internal.h">
      <Filter>Source Files\imgui</Filter>
    </ClInclude>
    <ClInclude Include="imgui\stb_rect_pack.h">
      <Filter>Source Files\imgui</Filter>
    </ClInclude>
    <ClInclude Include="imgui\stb_textedit.h">
      <Filter>Source Files\imgui</Filter>
    </ClInclude>
    <ClInclude Include="imgui\stb_truetype.h">
      <Filter>Source Files\imgui</Filter>
    </ClInclude>
    <ClInclude Include="imgui\imconfig.h">
      <Filter>Source Files\imgui</Filter>
    </ClInclude>
    <ClInclude Include="imgui\imgui.h">
      <Filter>Source Files\imgui</Filter>
    </ClInclude>
    <ClInclude Include="resource.h">
      <Filter>Header Files</Filter>
    </ClInclude>
    <ClInclude Include="Dx11Renderer.h">
      <Filter>Header Files</Filter>
    </ClInclude>
    <ClInclude Include="Util\ActionHelpers.h">
      <Filter>Source Files\Util</Filter>
    </ClInclude>
    <ClInclude Include="Modules\TrackManager.h">
      <Filter>Source Files\Modules</Filter>
    </ClInclude>
    <ClInclude Include="Modules\CameraStructs.h">
      <Filter>Source Files\Modules</Filter>
    </ClInclude>
    <ClInclude Include="Modules\EnvironmentManager.h">
      <Filter>Source Files\Modules</Filter>
    </ClInclude>
  </ItemGroup>
  <ItemGroup>
    <ResourceCompile Include="CT_FC5.rc">
      <Filter>Resource Files</Filter>
    </ResourceCompile>
  </ItemGroup>
  <ItemGroup>
    <Image Include="Resources\CT_Title.png">
      <Filter>Resource Files</Filter>
    </Image>
    <Image Include="Resources\bg1.jpg">
      <Filter>Resource Files</Filter>
    </Image>
  </ItemGroup>
  <ItemGroup>
    <None Include="Resources\imgui_PixelShader.cso" />
    <None Include="Resources\imgui_VertexShader.cso" />
    <None Include="Resources\config.ini">
      <Filter>Resource Files</Filter>
    </None>
  </ItemGroup>
  <ItemGroup>
    <Font Include="Resources\Purista Semibold.ttf" />
    <Font Include="Resources\segoeui.ttf" />
  </ItemGroup>
</Project>