
Microsoft Visual Studio Solution File, Format Version 12.00
# Visual Studio 15
VisualStudioVersion = 15.0.27130.2027
MinimumVisualStudioVersion = 10.0.40219.1
Project("{8BC9CEB8-8B4A-11D0-8D11-00A0C91BC942}") = "CT_QuantumBreak", "CT_QuantumBreak\CT_QuantumBreak.vcxproj", "{E47AA509-02CE-421C-B657-0C91CC57A649}"
EndProject
Global
	GlobalSection(SolutionConfigurationPlatforms) = preSolution
		Debug|x64 = Debug|x64
		Release|x64 = Release|x64
	EndGlobalSection
	GlobalSection(ProjectConfigurationPlatforms) = postSolution
		{E47AA509-02CE-421C-B657-0C91CC57A649}.Debug|x64.ActiveCfg = Debug|x64
		{E47AA509-02CE-421C-B657-0C91CC57A649}.Debug|x64.Build.0 = Debug|x64
		{E47AA509-02CE-421C-B657-0C91CC57A649}.Release|x64.ActiveCfg = Release|x64
		{E47AA509-02CE-421C-B657-0C91CC57A649}.Release|x64.Build.0 = Release|x64
	EndGlobalSection
	GlobalSection(SolutionProperties) = preSolution
		HideSolutionNode = FALSE
	EndGlobalSection
	GlobalSection(ExtensibilityGlobals) = postSolution
		SolutionGuid = {47A610D2-0687-44DC-9F3F-AE0C2A6490B1}
	EndGlobalSection
EndGlobal
