<?xml version="1.0" encoding="utf-8"?>
<Project ToolsVersion="4.0" xmlns="http://schemas.microsoft.com/developer/msbuild/2003">
  <ItemGroup>
    <Filter Include="Source Files">
      <UniqueIdentifier>{4FC737F1-C7A5-4376-A066-2A32D752A2FF}</UniqueIdentifier>
      <Extensions>cpp;c;cc;cxx;def;odl;idl;hpj;bat;asm;asmx</Extensions>
    </Filter>
    <Filter Include="Header Files">
      <UniqueIdentifier>{93995380-89BD-4b04-88EB-625FBE52EBFB}</UniqueIdentifier>
      <Extensions>h;hh;hpp;hxx;hm;inl;inc;xsd</Extensions>
    </Filter>
    <Filter Include="Resource Files">
      <UniqueIdentifier>{67DA6AB6-F800-4c08-8B7A-83BB121AAD01}</UniqueIdentifier>
      <Extensions>rc;ico;cur;bmp;dlg;rc2;rct;bin;rgs;gif;jpg;jpeg;jpe;resx;tiff;tif;png;wav;mfcribbon-ms</Extensions>
    </Filter>
    <Filter Include="Source Files\Modules">
      <UniqueIdentifier>{c2d6b71a-380c-48fa-b1c9-3eecab3c8b89}</UniqueIdentifier>
    </Filter>
    <Filter Include="Header Files\Northlight">
      <UniqueIdentifier>{c41aa418-09a2-4512-9bbe-d92191e8306b}</UniqueIdentifier>
    </Filter>
    <Filter Include="Header Files\Northlight\ai">
      <UniqueIdentifier>{af76b93a-3af2-405f-9fe5-7b344463aa01}</UniqueIdentifier>
    </Filter>
    <Filter Include="Source Files\Util">
      <UniqueIdentifier>{123227f1-a43a-45db-8a73-c6e4a3efdb8b}</UniqueIdentifier>
    </Filter>
    <Filter Include="Header Files\Northlight\r">
      <UniqueIdentifier>{bb8c3e9a-09f1-44c1-9c31-61934733a458}</UniqueIdentifier>
    </Filter>
    <Filter Include="Header Files\Northlight\d3d">
      <UniqueIdentifier>{84b9598f-d403-4126-87bc-637b4863ffc4}</UniqueIdentifier>
    </Filter>
    <Filter Include="Source Files\Rendering">
      <UniqueIdentifier>{4b4c1edf-3133-4ab5-8cdc-0c05bf9d5592}</UniqueIdentifier>
    </Filter>
    <Filter Include="Source Files\imgui">
      <UniqueIdentifier>{49220ce7-f4bf-451e-92c1-1ac798c90d36}</UniqueIdentifier>
    </Filter>
  </ItemGroup>
  <ItemGroup>
    <ClCompile Include="DllMain.cpp">
      <Filter>Source Files</Filter>
    </ClCompile>
    <ClCompile Include="CTModule.cpp">
      <Filter>Source Files\Modules</Filter>
    </ClCompile>
    <ClCompile Include="Main.cpp">
      <Filter>Source Files</Filter>
    </ClCompile>
    <ClCompile Include="Util\Log.cpp">
      <Filter>Source Files\Util</Filter>
    </ClCompile>
    <ClCompile Include="imgui\imgui_draw.cpp">
      <Filter>Source Files\imgui</Filter>
    </ClCompile>
    <ClCompile Include="imgui\imgui_impl_dx11.cpp">
      <Filter>Source Files\imgui</Filter>
    </ClCompile>
    <ClCompile Include="imgui\imgui.cpp">
      <Filter>Source Files\imgui</Filter>
    </ClCompile>
    <ClCompile Include="imgui\imgui_demo.cpp">
      <Filter>Source Files\imgui</Filter>
    </ClCompile>
    <ClCompile Include="Rendering\Dx11Renderer.cpp">
      <Filter>Source Files\Rendering</Filter>
    </ClCompile>
    <ClCompile Include="Util\Util.cpp">
      <Filter>Source Files\Util</Filter>
    </ClCompile>
    <ClCompile Include="UI.cpp">
      <Filter>Source Files</Filter>
    </ClCompile>
    <ClCompile Include="Util\Hooks.cpp">
      <Filter>Source Files\Util</Filter>
    </ClCompile>
    <ClCompile Include="Util\ImGuiHelpers.cpp">
      <Filter>Source Files\Util</Filter>
    </ClCompile>
  </ItemGroup>
  <ItemGroup>
    <ClInclude Include="Main.h">
      <Filter>Header Files</Filter>
    </ClInclude>
    <ClInclude Include="CTModule.h">
      <Filter>Source Files\Modules</Filter>
    </ClInclude>
    <ClInclude Include="Northlight\ai\AIManager.h">
      <Filter>Header Files\Northlight\ai</Filter>
    </ClInclude>
    <ClInclude Include="Northlight\ai\Character.h">
      <Filter>Header Files\Northlight\ai</Filter>
    </ClInclude>
    <ClInclude Include="Northlight\ai\WorldConception.h">
      <Filter>Header Files\Northlight\ai</Filter>
    </ClInclude>
    <ClInclude Include="Util\Util.h">
      <Filter>Source Files\Util</Filter>
    </ClInclude>
    <ClInclude Include="Northlight\r\ClassTypeInfo.h">
      <Filter>Header Files\Northlight\r</Filter>
    </ClInclude>
    <ClInclude Include="Northlight\d3d\Device.h">
      <Filter>Header Files\Northlight\d3d</Filter>
    </ClInclude>
    <ClInclude Include="imgui\imgui_impl_dx11.h">
      <Filter>Source Files\imgui</Filter>
    </ClInclude>
    <ClInclude Include="imgui\imgui_internal.h">
      <Filter>Source Files\imgui</Filter>
    </ClInclude>
    <ClInclude Include="imgui\stb_rect_pack.h">
      <Filter>Source Files\imgui</Filter>
    </ClInclude>
    <ClInclude Include="imgui\stb_textedit.h">
      <Filter>Source Files\imgui</Filter>
    </ClInclude>
    <ClInclude Include="imgui\stb_truetype.h">
      <Filter>Source Files\imgui</Filter>
    </ClInclude>
    <ClInclude Include="imgui\imconfig.h">
      <Filter>Source Files\imgui</Filter>
    </ClInclude>
    <ClInclude Include="imgui\imgui.h">
      <Filter>Source Files\imgui</Filter>
    </ClInclude>
    <ClInclude Include="Rendering\Dx11Renderer.h">
      <Filter>Source Files\Rendering</Filter>
    </ClInclude>
    <ClInclude Include="Rendering\Dx12Renderer.h">
      <Filter>Source Files\Rendering</Filter>
    </ClInclude>
    <ClInclude Include="Rendering\RenderImpl.h">
      <Filter>Source Files\Rendering</Filter>
    </ClInclude>
    <ClInclude Include="Rendering\Wrappers.h">
      <Filter>Source Files\Rendering</Filter>
    </ClInclude>
    <ClInclude Include="resource.h">
      <Filter>Header Files</Filter>
    </ClInclude>
    <ClInclude Include="UI.h">
      <Filter>Header Files</Filter>
    </ClInclude>
    <ClInclude Include="Util\ImGuiHelpers.h">
      <Filter>Source Files\Util</Filter>
    </ClInclude>
  </ItemGroup>
  <ItemGroup>
    <ResourceCompile Include="CT_QuantumBreak.rc">
      <Filter>Resource Files</Filter>
    </ResourceCompile>
  </ItemGroup>
  <ItemGroup>
    <None Include="Resources\imgui_PixelShader.cso">
      <Filter>Resource Files</Filter>
    </None>
    <None Include="Resources\imgui_VertexShader.cso">
      <Filter>Resource Files</Filter>
    </None>
  </ItemGroup>
  <ItemGroup>
    <Image Include="Resources\CT_Title.png">
      <Filter>Resource Files</Filter>
    </Image>
  </ItemGroup>
  <ItemGroup>
    <Font Include="Resources\segoeui.ttf">
      <Filter>Resource Files</Filter>
    </Font>
    <Font Include="Resources\Purista Semibold.ttf">
      <Filter>Resource Files</Filter>
    </Font>
  </ItemGroup>
</Project>